
Microsoft Visual Studio Solution File, Format Version 12.00
# Visual Studio Version 17
VisualStudioVersion = 17.5.002.0
MinimumVisualStudioVersion = 10.0.40219.1
Project("{9A19103F-16F7-4668-BE54-9A1E7A4F7556}") = "TripServiceKata.Tests", "TripServiceKata.Tests.csproj", "{3C1AF9B0-A74D-4A45-8450-48D983FB142F}"
EndProject
Global
	GlobalSection(SolutionConfigurationPlatforms) = preSolution
		Debug|Any CPU = Debug|Any CPU
		Release|Any CPU = Release|Any CPU
	EndGlobalSection
	GlobalSection(ProjectConfigurationPlatforms) = postSolution
		{3C1AF9B0-A74D-4A45-8450-48D983FB142F}.Debug|Any CPU.ActiveCfg = Debug|Any CPU
		{3C1AF9B0-A74D-4A45-8450-48D983FB142F}.Debug|Any CPU.Build.0 = Debug|Any CPU
		{3C1AF9B0-A74D-4A45-8450-48D983FB142F}.Release|Any CPU.ActiveCfg = Release|Any CPU
		{3C1AF9B0-A74D-4A45-8450-48D983FB142F}.Release|Any CPU.Build.0 = Release|Any CPU
	EndGlobalSection
	GlobalSection(SolutionProperties) = preSolution
		HideSolutionNode = FALSE
	EndGlobalSection
	GlobalSection(ExtensibilityGlobals) = postSolution
		SolutionGuid = {D0D920AB-3660-45BC-AC32-59DD836D1B87}
	EndGlobalSection
EndGlobal
